
Microsoft Visual Studio Solution File, Format Version 12.00
# Visual Studio Version 17
VisualStudioVersion = 17.5.33627.172
MinimumVisualStudioVersion = 10.0.40219.1
Project("{9A19103F-16F7-4668-BE54-9A1E7A4F7556}") = "AoC1", "AoC1\AoC1.csproj", "{8A8A5FA8-4514-43CC-B06A-2F6EDD5874C6}"
EndProject
Project("{9A19103F-16F7-4668-BE54-9A1E7A4F7556}") = "UnitTests", "TestProject1\UnitTests.csproj", "{42407CC6-35F7-426A-8345-B37101F8356B}"
EndProject
Project("{9A19103F-16F7-4668-BE54-9A1E7A4F7556}") = "AoC2", "AoC2\AoC2.csproj", "{0B62E9DF-D1E6-4C95-B38E-9DAA1211C68C}"
EndProject
Global
	GlobalSection(SolutionConfigurationPlatforms) = preSolution
		Debug|Any CPU = Debug|Any CPU
		Release|Any CPU = Release|Any CPU
	EndGlobalSection
	GlobalSection(ProjectConfigurationPlatforms) = postSolution
		{8A8A5FA8-4514-43CC-B06A-2F6EDD5874C6}.Debug|Any CPU.ActiveCfg = Debug|Any CPU
		{8A8A5FA8-4514-43CC-B06A-2F6EDD5874C6}.Debug|Any CPU.Build.0 = Debug|Any CPU
		{8A8A5FA8-4514-43CC-B06A-2F6EDD5874C6}.Release|Any CPU.ActiveCfg = Release|Any CPU
		{8A8A5FA8-4514-43CC-B06A-2F6EDD5874C6}.Release|Any CPU.Build.0 = Release|Any CPU
		{42407CC6-35F7-426A-8345-B37101F8356B}.Debug|Any CPU.ActiveCfg = Debug|Any CPU
		{42407CC6-35F7-426A-8345-B37101F8356B}.Debug|Any CPU.Build.0 = Debug|Any CPU
		{42407CC6-35F7-426A-8345-B37101F8356B}.Release|Any CPU.ActiveCfg = Release|Any CPU
		{42407CC6-35F7-426A-8345-B37101F8356B}.Release|Any CPU.Build.0 = Release|Any CPU
		{0B62E9DF-D1E6-4C95-B38E-9DAA1211C68C}.Debug|Any CPU.ActiveCfg = Debug|Any CPU
		{0B62E9DF-D1E6-4C95-B38E-9DAA1211C68C}.Debug|Any CPU.Build.0 = Debug|Any CPU
		{0B62E9DF-D1E6-4C95-B38E-9DAA1211C68C}.Release|Any CPU.ActiveCfg = Release|Any CPU
		{0B62E9DF-D1E6-4C95-B38E-9DAA1211C68C}.Release|Any CPU.Build.0 = Release|Any CPU
	EndGlobalSection
	GlobalSection(SolutionProperties) = preSolution
		HideSolutionNode = FALSE
	EndGlobalSection
	GlobalSection(ExtensibilityGlobals) = postSolution
		SolutionGuid = {4865AC15-FD18-4B54-B926-EEE57E682131}
	EndGlobalSection
EndGlobal
